
Microsoft Visual Studio Solution File, Format Version 12.00
# Visual Studio 2012
Project("{FAE04EC0-301F-11D3-BF4B-00C04F79EFBC}") = "RecepiesApp.Data", "RecepiesApp.Data\RecepiesApp.Data.csproj", "{E5E70BB5-7576-4EE7-AC9F-6274D2830BA9}"
EndProject
Project("{FAE04EC0-301F-11D3-BF4B-00C04F79EFBC}") = "RecepiesApp.Models", "RecepiesApp.Models\RecepiesApp.Models\RecepiesApp.Models.csproj", "{3614E2BA-B4EE-456C-8C03-C9EB5DFADB7D}"
EndProject
Project("{FAE04EC0-301F-11D3-BF4B-00C04F79EFBC}") = "RecepiesApp.ConsoleClient", "RecepiesApp.ConsoleClient\RecepiesApp.ConsoleClient.csproj", "{0D40CEBA-9144-4257-A613-6E19BC875E85}"
EndProject
Project("{2150E333-8FDC-42A3-9474-1A3956D46DE8}") = ".nuget", ".nuget", "{8D602A07-64BA-4558-9FA0-187CBDB18F02}"
	ProjectSection(SolutionItems) = preProject
		.nuget\NuGet.Config = .nuget\NuGet.Config
		.nuget\NuGet.exe = .nuget\NuGet.exe
		.nuget\NuGet.targets = .nuget\NuGet.targets
	EndProjectSection
EndProject
Project("{2150E333-8FDC-42A3-9474-1A3956D46DE8}") = "Solution Items", "Solution Items", "{A7148301-B333-4D94-98B6-5CAFC829F707}"
	ProjectSection(SolutionItems) = preProject
		JSLintOptions.xml = JSLintOptions.xml
	EndProjectSection
EndProject
Project("{FAE04EC0-301F-11D3-BF4B-00C04F79EFBC}") = "RecepiesApp.Services", "RecepiesApp.Services\RecepiesApp.Services.csproj", "{98917933-3500-40B6-BB86-85684B0034E8}"
EndProject
Project("{FAE04EC0-301F-11D3-BF4B-00C04F79EFBC}") = "RecepiesApp.Services.Tests", "RecepiesApp.Services.Tests\RecepiesApp.Services.Tests.csproj", "{909A3977-CDA9-4605-8942-5AE7DE23CC9E}"
EndProject
Global
	GlobalSection(SolutionConfigurationPlatforms) = preSolution
		Debug|Any CPU = Debug|Any CPU
		Release|Any CPU = Release|Any CPU
	EndGlobalSection
	GlobalSection(ProjectConfigurationPlatforms) = postSolution
		{E5E70BB5-7576-4EE7-AC9F-6274D2830BA9}.Debug|Any CPU.ActiveCfg = Debug|Any CPU
		{E5E70BB5-7576-4EE7-AC9F-6274D2830BA9}.Debug|Any CPU.Build.0 = Debug|Any CPU
		{E5E70BB5-7576-4EE7-AC9F-6274D2830BA9}.Release|Any CPU.ActiveCfg = Release|Any CPU
		{E5E70BB5-7576-4EE7-AC9F-6274D2830BA9}.Release|Any CPU.Build.0 = Release|Any CPU
		{3614E2BA-B4EE-456C-8C03-C9EB5DFADB7D}.Debug|Any CPU.ActiveCfg = Debug|Any CPU
		{3614E2BA-B4EE-456C-8C03-C9EB5DFADB7D}.Debug|Any CPU.Build.0 = Debug|Any CPU
		{3614E2BA-B4EE-456C-8C03-C9EB5DFADB7D}.Release|Any CPU.ActiveCfg = Release|Any CPU
		{3614E2BA-B4EE-456C-8C03-C9EB5DFADB7D}.Release|Any CPU.Build.0 = Release|Any CPU
		{0D40CEBA-9144-4257-A613-6E19BC875E85}.Debug|Any CPU.ActiveCfg = Debug|Any CPU
		{0D40CEBA-9144-4257-A613-6E19BC875E85}.Debug|Any CPU.Build.0 = Debug|Any CPU
		{0D40CEBA-9144-4257-A613-6E19BC875E85}.Release|Any CPU.ActiveCfg = Release|Any CPU
		{0D40CEBA-9144-4257-A613-6E19BC875E85}.Release|Any CPU.Build.0 = Release|Any CPU
		{98917933-3500-40B6-BB86-85684B0034E8}.Debug|Any CPU.ActiveCfg = Debug|Any CPU
		{98917933-3500-40B6-BB86-85684B0034E8}.Debug|Any CPU.Build.0 = Debug|Any CPU
		{98917933-3500-40B6-BB86-85684B0034E8}.Release|Any CPU.ActiveCfg = Release|Any CPU
		{98917933-3500-40B6-BB86-85684B0034E8}.Release|Any CPU.Build.0 = Release|Any CPU
		{909A3977-CDA9-4605-8942-5AE7DE23CC9E}.Debug|Any CPU.ActiveCfg = Debug|Any CPU
		{909A3977-CDA9-4605-8942-5AE7DE23CC9E}.Debug|Any CPU.Build.0 = Debug|Any CPU
		{909A3977-CDA9-4605-8942-5AE7DE23CC9E}.Release|Any CPU.ActiveCfg = Release|Any CPU
		{909A3977-CDA9-4605-8942-5AE7DE23CC9E}.Release|Any CPU.Build.0 = Release|Any CPU
	EndGlobalSection
	GlobalSection(SolutionProperties) = preSolution
		HideSolutionNode = FALSE
	EndGlobalSection
	GlobalSection(JSLint) = preSolution
		SolutionConfigurationLocation = JSLintOptions.xml
	EndGlobalSection
EndGlobal
